
Microsoft Visual Studio Solution File, Format Version 11.00
# Visual Basic Express 2010
Project("{F184B08F-C81C-45F6-A57F-5ABD9991F28F}") = "control5", "control5\control5.vbproj", "{CC55EF6A-7D16-4ABB-AE36-4D6A6000DB09}"
EndProject
Global
	GlobalSection(SolutionConfigurationPlatforms) = preSolution
		Debug|x86 = Debug|x86
		Release|x86 = Release|x86
	EndGlobalSection
	GlobalSection(ProjectConfigurationPlatforms) = postSolution
		{CC55EF6A-7D16-4ABB-AE36-4D6A6000DB09}.Debug|x86.ActiveCfg = Debug|x86
		{CC55EF6A-7D16-4ABB-AE36-4D6A6000DB09}.Debug|x86.Build.0 = Debug|x86
		{CC55EF6A-7D16-4ABB-AE36-4D6A6000DB09}.Release|x86.ActiveCfg = Release|x86
		{CC55EF6A-7D16-4ABB-AE36-4D6A6000DB09}.Release|x86.Build.0 = Release|x86
	EndGlobalSection
	GlobalSection(SolutionProperties) = preSolution
		HideSolutionNode = FALSE
	EndGlobalSection
EndGlobal
